
Microsoft Visual Studio Solution File, Format Version 12.00
# Visual Studio Version 17
VisualStudioVersion = 17.1.32407.343
MinimumVisualStudioVersion = 10.0.40219.1
Project("{9A19103F-16F7-4668-BE54-9A1E7A4F7556}") = "PSI", "PSI\PSI.csproj", "{66483A73-42AE-4663-A073-FC489A5A8E5B}"
EndProject
Project("{9A19103F-16F7-4668-BE54-9A1E7A4F7556}") = "PSI.EntityFramework", "PSI.EntityFramework\PSI.EntityFramework.csproj", "{893BF93D-2A95-4759-8564-770C28AA4BBC}"
EndProject
Project("{9A19103F-16F7-4668-BE54-9A1E7A4F7556}") = "PSI.NHibernate", "PSI.NHibernate\PSI.NHibernate.csproj", "{C86B860F-6E93-426D-8926-A8F5E229BEB8}"
EndProject
Project("{2150E333-8FDC-42A3-9474-1A3956D46DE8}") = "Tests", "Tests", "{FFF7A9C7-0093-42D5-B5F9-A5C31BC3A9C5}"
EndProject
Project("{9A19103F-16F7-4668-BE54-9A1E7A4F7556}") = "PSI.NHibernate.Test", "Tests\PSI.NHibernate.Test\PSI.NHibernate.Test.csproj", "{F9B4304D-D3DD-4FC0-808F-CAE7CF767B69}"
EndProject
Project("{FAE04EC0-301F-11D3-BF4B-00C04F79EFBC}") = "PSI.EntityFramework.Tests", "Tests\PSI.EntityFramework.Tests\PSI.EntityFramework.Tests.csproj", "{05370DBB-D736-44FF-AD0A-58B8A52F02B1}"
EndProject
Global
	GlobalSection(SolutionConfigurationPlatforms) = preSolution
		Debug|Any CPU = Debug|Any CPU
		Release|Any CPU = Release|Any CPU
	EndGlobalSection
	GlobalSection(ProjectConfigurationPlatforms) = postSolution
		{66483A73-42AE-4663-A073-FC489A5A8E5B}.Debug|Any CPU.ActiveCfg = Debug|Any CPU
		{66483A73-42AE-4663-A073-FC489A5A8E5B}.Debug|Any CPU.Build.0 = Debug|Any CPU
		{66483A73-42AE-4663-A073-FC489A5A8E5B}.Release|Any CPU.ActiveCfg = Release|Any CPU
		{66483A73-42AE-4663-A073-FC489A5A8E5B}.Release|Any CPU.Build.0 = Release|Any CPU
		{893BF93D-2A95-4759-8564-770C28AA4BBC}.Debug|Any CPU.ActiveCfg = Debug|Any CPU
		{893BF93D-2A95-4759-8564-770C28AA4BBC}.Debug|Any CPU.Build.0 = Debug|Any CPU
		{893BF93D-2A95-4759-8564-770C28AA4BBC}.Release|Any CPU.ActiveCfg = Release|Any CPU
		{893BF93D-2A95-4759-8564-770C28AA4BBC}.Release|Any CPU.Build.0 = Release|Any CPU
		{C86B860F-6E93-426D-8926-A8F5E229BEB8}.Debug|Any CPU.ActiveCfg = Debug|Any CPU
		{C86B860F-6E93-426D-8926-A8F5E229BEB8}.Debug|Any CPU.Build.0 = Debug|Any CPU
		{C86B860F-6E93-426D-8926-A8F5E229BEB8}.Release|Any CPU.ActiveCfg = Release|Any CPU
		{C86B860F-6E93-426D-8926-A8F5E229BEB8}.Release|Any CPU.Build.0 = Release|Any CPU
		{F9B4304D-D3DD-4FC0-808F-CAE7CF767B69}.Debug|Any CPU.ActiveCfg = Debug|Any CPU
		{F9B4304D-D3DD-4FC0-808F-CAE7CF767B69}.Debug|Any CPU.Build.0 = Debug|Any CPU
		{F9B4304D-D3DD-4FC0-808F-CAE7CF767B69}.Release|Any CPU.ActiveCfg = Release|Any CPU
		{F9B4304D-D3DD-4FC0-808F-CAE7CF767B69}.Release|Any CPU.Build.0 = Release|Any CPU
		{05370DBB-D736-44FF-AD0A-58B8A52F02B1}.Debug|Any CPU.ActiveCfg = Debug|Any CPU
		{05370DBB-D736-44FF-AD0A-58B8A52F02B1}.Debug|Any CPU.Build.0 = Debug|Any CPU
		{05370DBB-D736-44FF-AD0A-58B8A52F02B1}.Release|Any CPU.ActiveCfg = Release|Any CPU
		{05370DBB-D736-44FF-AD0A-58B8A52F02B1}.Release|Any CPU.Build.0 = Release|Any CPU
	EndGlobalSection
	GlobalSection(SolutionProperties) = preSolution
		HideSolutionNode = FALSE
	EndGlobalSection
	GlobalSection(NestedProjects) = preSolution
		{F9B4304D-D3DD-4FC0-808F-CAE7CF767B69} = {FFF7A9C7-0093-42D5-B5F9-A5C31BC3A9C5}
		{05370DBB-D736-44FF-AD0A-58B8A52F02B1} = {FFF7A9C7-0093-42D5-B5F9-A5C31BC3A9C5}
	EndGlobalSection
	GlobalSection(ExtensibilityGlobals) = postSolution
		SolutionGuid = {F2BF745F-D5B1-4D4F-9FC2-B8D6CF954BE1}
	EndGlobalSection
EndGlobal
